// !$*UTF8*$!
{
	archiveVersion = 1;
	classes = {
	};
	objectVersion = 50;
	objects = {

/* Begin PBXBuildFile section */
		6A6ACA992AF34876002FCBFD /* AppDelegate.swift in Sources */ = {isa = PBXBuildFile; fileRef = 6A6ACA982AF34876002FCBFD /* AppDelegate.swift */; };
		6A6ACA9B2AF34876002FCBFD /* SceneDelegate.swift in Sources */ = {isa = PBXBuildFile; fileRef = 6A6ACA9A2AF34876002FCBFD /* SceneDelegate.swift */; };
		6A6ACA9E2AF34876002FCBFD /* Appointment_Scheduler.xcdatamodeld in Sources */ = {isa = PBXBuildFile; fileRef = 6A6ACA9C2AF34876002FCBFD /* Appointment_Scheduler.xcdatamodeld */; };
		6A6ACAA02AF34876002FCBFD /* ContentView.swift in Sources */ = {isa = PBXBuildFile; fileRef = 6A6ACA9F2AF34876002FCBFD /* ContentView.swift */; };
		6A6ACAA22AF34877002FCBFD /* Assets.xcassets in Resources */ = {isa = PBXBuildFile; fileRef = 6A6ACAA12AF34877002FCBFD /* Assets.xcassets */; };
		6A6ACAA52AF34877002FCBFD /* Preview Assets.xcassets in Resources */ = {isa = PBXBuildFile; fileRef = 6A6ACAA42AF34877002FCBFD /* Preview Assets.xcassets */; };
		6A6ACAA82AF34877002FCBFD /* LaunchScreen.storyboard in Resources */ = {isa = PBXBuildFile; fileRef = 6A6ACAA62AF34877002FCBFD /* LaunchScreen.storyboard */; };
		6A6ACAB32AF34877002FCBFD /* Appointment_SchedulerTests.swift in Sources */ = {isa = PBXBuildFile; fileRef = 6A6ACAB22AF34877002FCBFD /* Appointment_SchedulerTests.swift */; };
		6A6ACABE2AF34877002FCBFD /* Appointment_SchedulerUITests.swift in Sources */ = {isa = PBXBuildFile; fileRef = 6A6ACABD2AF34877002FCBFD /* Appointment_SchedulerUITests.swift */; };
/* End PBXBuildFile section */

/* Begin PBXContainerItemProxy section */
		6A6ACAAF2AF34877002FCBFD /* PBXContainerItemProxy */ = {
			isa = PBXContainerItemProxy;
			containerPortal = 6A6ACA8D2AF34876002FCBFD /* Project object */;
			proxyType = 1;
			remoteGlobalIDString = 6A6ACA942AF34876002FCBFD;
			remoteInfo = "Appointment Scheduler";
		};
		6A6ACABA2AF34877002FCBFD /* PBXContainerItemProxy */ = {
			isa = PBXContainerItemProxy;
			containerPortal = 6A6ACA8D2AF34876002FCBFD /* Project object */;
			proxyType = 1;
			remoteGlobalIDString = 6A6ACA942AF34876002FCBFD;
			remoteInfo = "Appointment Scheduler";
		};
/* End PBXContainerItemProxy section */

/* Begin PBXFileReference section */
		6A6ACA952AF34876002FCBFD /* Appointment Scheduler.app */ = {isa = PBXFileReference; explicitFileType = wrapper.application; includeInIndex = 0; path = "Appointment Scheduler.app"; sourceTree = BUILT_PRODUCTS_DIR; };
		6A6ACA982AF34876002FCBFD /* AppDelegate.swift */ = {isa = PBXFileReference; lastKnownFileType = sourcecode.swift; path = AppDelegate.swift; sourceTree = "<group>"; };
		6A6ACA9A2AF34876002FCBFD /* SceneDelegate.swift */ = {isa = PBXFileReference; lastKnownFileType = sourcecode.swift; path = SceneDelegate.swift; sourceTree = "<group>"; };
		6A6ACA9D2AF34876002FCBFD /* Appointment_Scheduler.xcdatamodel */ = {isa = PBXFileReference; lastKnownFileType = wrapper.xcdatamodel; path = Appointment_Scheduler.xcdatamodel; sourceTree = "<group>"; };
		6A6ACA9F2AF34876002FCBFD /* ContentView.swift */ = {isa = PBXFileReference; lastKnownFileType = sourcecode.swift; path = ContentView.swift; sourceTree = "<group>"; };
		6A6ACAA12AF34877002FCBFD /* Assets.xcassets */ = {isa = PBXFileReference; lastKnownFileType = folder.assetcatalog; path = Assets.xcassets; sourceTree = "<group>"; };
		6A6ACAA42AF34877002FCBFD /* Preview Assets.xcassets */ = {isa = PBXFileReference; lastKnownFileType = folder.assetcatalog; path = "Preview Assets.xcassets"; sourceTree = "<group>"; };
		6A6ACAA72AF34877002FCBFD /* Base */ = {isa = PBXFileReference; lastKnownFileType = file.storyboard; name = Base; path = Base.lproj/LaunchScreen.storyboard; sourceTree = "<group>"; };
		6A6ACAA92AF34877002FCBFD /* Info.plist */ = {isa = PBXFileReference; lastKnownFileType = text.plist.xml; path = Info.plist; sourceTree = "<group>"; };
		6A6ACAAE2AF34877002FCBFD /* Appointment SchedulerTests.xctest */ = {isa = PBXFileReference; explicitFileType = wrapper.cfbundle; includeInIndex = 0; path = "Appointment SchedulerTests.xctest"; sourceTree = BUILT_PRODUCTS_DIR; };
		6A6ACAB22AF34877002FCBFD /* Appointment_SchedulerTests.swift */ = {isa = PBXFileReference; lastKnownFileType = sourcecode.swift; path = Appointment_SchedulerTests.swift; sourceTree = "<group>"; };
		6A6ACAB42AF34877002FCBFD /* Info.plist */ = {isa = PBXFileReference; lastKnownFileType = text.plist.xml; path = Info.plist; sourceTree = "<group>"; };
		6A6ACAB92AF34877002FCBFD /* Appointment SchedulerUITests.xctest */ = {isa = PBXFileReference; explicitFileType = wrapper.cfbundle; includeInIndex = 0; path = "Appointment SchedulerUITests.xctest"; sourceTree = BUILT_PRODUCTS_DIR; };
		6A6ACABD2AF34877002FCBFD /* Appointment_SchedulerUITests.swift */ = {isa = PBXFileReference; lastKnownFileType = sourcecode.swift; path = Appointment_SchedulerUITests.swift; sourceTree = "<group>"; };
		6A6ACABF2AF34877002FCBFD /* Info.plist */ = {isa = PBXFileReference; lastKnownFileType = text.plist.xml; path = Info.plist; sourceTree = "<group>"; };
/* End PBXFileReference section */

/* Begin PBXFrameworksBuildPhase section */
		6A6ACA922AF34876002FCBFD /* Frameworks */ = {
			isa = PBXFrameworksBuildPhase;
			buildActionMask = 2147483647;
			files = (
			);
			runOnlyForDeploymentPostprocessing = 0;
		};
		6A6ACAAB2AF34877002FCBFD /* Frameworks */ = {
			isa = PBXFrameworksBuildPhase;
			buildActionMask = 2147483647;
			files = (
			);
			runOnlyForDeploymentPostprocessing = 0;
		};
		6A6ACAB62AF34877002FCBFD /* Frameworks */ = {
			isa = PBXFrameworksBuildPhase;
			buildActionMask = 2147483647;
			files = (
			);
			runOnlyForDeploymentPostprocessing = 0;
		};
/* End PBXFrameworksBuildPhase section */

/* Begin PBXGroup section */
		6A6ACA8C2AF34876002FCBFD = {
			isa = PBXGroup;
			children = (
				6A6ACA972AF34876002FCBFD /* Appointment Scheduler */,
				6A6ACAB12AF34877002FCBFD /* Appointment SchedulerTests */,
				6A6ACABC2AF34877002FCBFD /* Appointment SchedulerUITests */,
				6A6ACA962AF34876002FCBFD /* Products */,
			);
			sourceTree = "<group>";
		};
		6A6ACA962AF34876002FCBFD /* Products */ = {
			isa = PBXGroup;
			children = (
				6A6ACA952AF34876002FCBFD /* Appointment Scheduler.app */,
				6A6ACAAE2AF34877002FCBFD /* Appointment SchedulerTests.xctest */,
				6A6ACAB92AF34877002FCBFD /* Appointment SchedulerUITests.xctest */,
			);
			name = Products;
			sourceTree = "<group>";
		};
		6A6ACA972AF34876002FCBFD /* Appointment Scheduler */ = {
			isa = PBXGroup;
			children = (
				6A6ACA982AF34876002FCBFD /* AppDelegate.swift */,
				6A6ACA9A2AF34876002FCBFD /* SceneDelegate.swift */,
				6A6ACA9F2AF34876002FCBFD /* ContentView.swift */,
				6A6ACAA12AF34877002FCBFD /* Assets.xcassets */,
				6A6ACAA62AF34877002FCBFD /* LaunchScreen.storyboard */,
				6A6ACAA92AF34877002FCBFD /* Info.plist */,
				6A6ACA9C2AF34876002FCBFD /* Appointment_Scheduler.xcdatamodeld */,
				6A6ACAA32AF34877002FCBFD /* Preview Content */,
			);
			path = "Appointment Scheduler";
			sourceTree = "<group>";
		};
		6A6ACAA32AF34877002FCBFD /* Preview Content */ = {
			isa = PBXGroup;
			children = (
				6A6ACAA42AF34877002FCBFD /* Preview Assets.xcassets */,
			);
			path = "Preview Content";
			sourceTree = "<group>";
		};
		6A6ACAB12AF34877002FCBFD /* Appointment SchedulerTests */ = {
			isa = PBXGroup;
			children = (
				6A6ACAB22AF34877002FCBFD /* Appointment_SchedulerTests.swift */,
				6A6ACAB42AF34877002FCBFD /* Info.plist */,
			);
			path = "Appointment SchedulerTests";
			sourceTree = "<group>";
		};
		6A6ACABC2AF34877002FCBFD /* Appointment SchedulerUITests */ = {
			isa = PBXGroup;
			children = (
				6A6ACABD2AF34877002FCBFD /* Appointment_SchedulerUITests.swift */,
				6A6ACABF2AF34877002FCBFD /* Info.plist */,
			);
			path = "Appointment SchedulerUITests";
			sourceTree = "<group>";
		};
/* End PBXGroup section */

/* Begin PBXNativeTarget section */
		6A6ACA942AF34876002FCBFD /* Appointment Scheduler */ = {
			isa = PBXNativeTarget;
			buildConfigurationList = 6A6ACAC22AF34877002FCBFD /* Build configuration list for PBXNativeTarget "Appointment Scheduler" */;
			buildPhases = (
				6A6ACA912AF34876002FCBFD /* Sources */,
				6A6ACA922AF34876002FCBFD /* Frameworks */,
				6A6ACA932AF34876002FCBFD /* Resources */,
			);
			buildRules = (
			);
			dependencies = (
			);
			name = "Appointment Scheduler";
			productName = "Appointment Scheduler";
			productReference = 6A6ACA952AF34876002FCBFD /* Appointment Scheduler.app */;
			productType = "com.apple.product-type.application";
		};
		6A6ACAAD2AF34877002FCBFD /* Appointment SchedulerTests */ = {
			isa = PBXNativeTarget;
			buildConfigurationList = 6A6ACAC52AF34877002FCBFD /* Build configuration list for PBXNativeTarget "Appointment SchedulerTests" */;
			buildPhases = (
				6A6ACAAA2AF34877002FCBFD /* Sources */,
				6A6ACAAB2AF34877002FCBFD /* Frameworks */,
				6A6ACAAC2AF34877002FCBFD /* Resources */,
			);
			buildRules = (
			);
			dependencies = (
				6A6ACAB02AF34877002FCBFD /* PBXTargetDependency */,
			);
			name = "Appointment SchedulerTests";
			productName = "Appointment SchedulerTests";
			productReference = 6A6ACAAE2AF34877002FCBFD /* Appointment SchedulerTests.xctest */;
			productType = "com.apple.product-type.bundle.unit-test";
		};
		6A6ACAB82AF34877002FCBFD /* Appointment SchedulerUITests */ = {
			isa = PBXNativeTarget;
			buildConfigurationList = 6A6ACAC82AF34877002FCBFD /* Build configuration list for PBXNativeTarget "Appointment SchedulerUITests" */;
			buildPhases = (
				6A6ACAB52AF34877002FCBFD /* Sources */,
				6A6ACAB62AF34877002FCBFD /* Frameworks */,
				6A6ACAB72AF34877002FCBFD /* Resources */,
			);
			buildRules = (
			);
			dependencies = (
				6A6ACABB2AF34877002FCBFD /* PBXTargetDependency */,
			);
			name = "Appointment SchedulerUITests";
			productName = "Appointment SchedulerUITests";
			productReference = 6A6ACAB92AF34877002FCBFD /* Appointment SchedulerUITests.xctest */;
			productType = "com.apple.product-type.bundle.ui-testing";
		};
/* End PBXNativeTarget section */

/* Begin PBXProject section */
		6A6ACA8D2AF34876002FCBFD /* Project object */ = {
			isa = PBXProject;
			attributes = {
				LastSwiftUpdateCheck = 1170;
				LastUpgradeCheck = 1170;
				ORGANIZATIONNAME = Bleepy;
				TargetAttributes = {
					6A6ACA942AF34876002FCBFD = {
						CreatedOnToolsVersion = 11.7;
					};
					6A6ACAAD2AF34877002FCBFD = {
						CreatedOnToolsVersion = 11.7;
						TestTargetID = 6A6ACA942AF34876002FCBFD;
					};
					6A6ACAB82AF34877002FCBFD = {
						CreatedOnToolsVersion = 11.7;
						TestTargetID = 6A6ACA942AF34876002FCBFD;
					};
				};
			};
			buildConfigurationList = 6A6ACA902AF34876002FCBFD /* Build configuration list for PBXProject "Appointment Scheduler" */;
			compatibilityVersion = "Xcode 9.3";
			developmentRegion = en;
			hasScannedForEncodings = 0;
			knownRegions = (
				en,
				Base,
			);
			mainGroup = 6A6ACA8C2AF34876002FCBFD;
			productRefGroup = 6A6ACA962AF34876002FCBFD /* Products */;
			projectDirPath = "";
			projectRoot = "";
			targets = (
				6A6ACA942AF34876002FCBFD /* Appointment Scheduler */,
				6A6ACAAD2AF34877002FCBFD /* Appointment SchedulerTests */,
				6A6ACAB82AF34877002FCBFD /* Appointment SchedulerUITests */,
			);
		};
/* End PBXProject section */

/* Begin PBXResourcesBuildPhase section */
		6A6ACA932AF34876002FCBFD /* Resources */ = {
			isa = PBXResourcesBuildPhase;
			buildActionMask = 2147483647;
			files = (
				6A6ACAA82AF34877002FCBFD /* LaunchScreen.storyboard in Resources */,
				6A6ACAA52AF34877002FCBFD /* Preview Assets.xcassets in Resources */,
				6A6ACAA22AF34877002FCBFD /* Assets.xcassets in Resources */,
			);
			runOnlyForDeploymentPostprocessing = 0;
		};
		6A6ACAAC2AF34877002FCBFD /* Resources */ = {
			isa = PBXResourcesBuildPhase;
			buildActionMask = 2147483647;
			files = (
			);
			runOnlyForDeploymentPostprocessing = 0;
		};
		6A6ACAB72AF34877002FCBFD /* Resources */ = {
			isa = PBXResourcesBuildPhase;
			buildActionMask = 2147483647;
			files = (
			);
			runOnlyForDeploymentPostprocessing = 0;
		};
/* End PBXResourcesBuildPhase section */

/* Begin PBXSourcesBuildPhase section */
		6A6ACA912AF34876002FCBFD /* Sources */ = {
			isa = PBXSourcesBuildPhase;
			buildActionMask = 2147483647;
			files = (
				6A6ACA992AF34876002FCBFD /* AppDelegate.swift in Sources */,
				6A6ACA9B2AF34876002FCBFD /* SceneDelegate.swift in Sources */,
				6A6ACAA02AF34876002FCBFD /* ContentView.swift in Sources */,
				6A6ACA9E2AF34876002FCBFD /* Appointment_Scheduler.xcdatamodeld in Sources */,
			);
			runOnlyForDeploymentPostprocessing = 0;
		};
		6A6ACAAA2AF34877002FCBFD /* Sources */ = {
			isa = PBXSourcesBuildPhase;
			buildActionMask = 2147483647;
			files = (
				6A6ACAB32AF34877002FCBFD /* Appointment_SchedulerTests.swift in Sources */,
			);
			runOnlyForDeploymentPostprocessing = 0;
		};
		6A6ACAB52AF34877002FCBFD /* Sources */ = {
			isa = PBXSourcesBuildPhase;
			buildActionMask = 2147483647;
			files = (
				6A6ACABE2AF34877002FCBFD /* Appointment_SchedulerUITests.swift in Sources */,
			);
			runOnlyForDeploymentPostprocessing = 0;
		};
/* End PBXSourcesBuildPhase section */

/* Begin PBXTargetDependency section */
		6A6ACAB02AF34877002FCBFD /* PBXTargetDependency */ = {
			isa = PBXTargetDependency;
			target = 6A6ACA942AF34876002FCBFD /* Appointment Scheduler */;
			targetProxy = 6A6ACAAF2AF34877002FCBFD /* PBXContainerItemProxy */;
		};
		6A6ACABB2AF34877002FCBFD /* PBXTargetDependency */ = {
			isa = PBXTargetDependency;
			target = 6A6ACA942AF34876002FCBFD /* Appointment Scheduler */;
			targetProxy = 6A6ACABA2AF34877002FCBFD /* PBXContainerItemProxy */;
		};
/* End PBXTargetDependency section */

/* Begin PBXVariantGroup section */
		6A6ACAA62AF34877002FCBFD /* LaunchScreen.storyboard */ = {
			isa = PBXVariantGroup;
			children = (
				6A6ACAA72AF34877002FCBFD /* Base */,
			);
			name = LaunchScreen.storyboard;
			sourceTree = "<group>";
		};
/* End PBXVariantGroup section */

/* Begin XCBuildConfiguration section */
		6A6ACAC02AF34877002FCBFD /* Debug */ = {
			isa = XCBuildConfiguration;
			buildSettings = {
				ALWAYS_SEARCH_USER_PATHS = NO;
				CLANG_ANALYZER_NONNULL = YES;
				CLANG_ANALYZER_NUMBER_OBJECT_CONVERSION = YES_AGGRESSIVE;
				CLANG_CXX_LANGUAGE_STANDARD = "gnu++14";
				CLANG_CXX_LIBRARY = "libc++";
				CLANG_ENABLE_MODULES = YES;
				CLANG_ENABLE_OBJC_ARC = YES;
				CLANG_ENABLE_OBJC_WEAK = YES;
				CLANG_WARN_BLOCK_CAPTURE_AUTORELEASING = YES;
				CLANG_WARN_BOOL_CONVERSION = YES;
				CLANG_WARN_COMMA = YES;
				CLANG_WARN_CONSTANT_CONVERSION = YES;
				CLANG_WARN_DEPRECATED_OBJC_IMPLEMENTATIONS = YES;
				CLANG_WARN_DIRECT_OBJC_ISA_USAGE = YES_ERROR;
				CLANG_WARN_DOCUMENTATION_COMMENTS = YES;
				CLANG_WARN_EMPTY_BODY = YES;
				CLANG_WARN_ENUM_CONVERSION = YES;
				CLANG_WARN_INFINITE_RECURSION = YES;
				CLANG_WARN_INT_CONVERSION = YES;
				CLANG_WARN_NON_LITERAL_NULL_CONVERSION = YES;
				CLANG_WARN_OBJC_IMPLICIT_RETAIN_SELF = YES;
				CLANG_WARN_OBJC_LITERAL_CONVERSION = YES;
				CLANG_WARN_OBJC_ROOT_CLASS = YES_ERROR;
				CLANG_WARN_RANGE_LOOP_ANALYSIS = YES;
				CLANG_WARN_STRICT_PROTOTYPES = YES;
				CLANG_WARN_SUSPICIOUS_MOVE = YES;
				CLANG_WARN_UNGUARDED_AVAILABILITY = YES_AGGRESSIVE;
				CLANG_WARN_UNREACHABLE_CODE = YES;
				CLANG_WARN__DUPLICATE_METHOD_MATCH = YES;
				COPY_PHASE_STRIP = NO;
				DEBUG_INFORMATION_FORMAT = dwarf;
				ENABLE_STRICT_OBJC_MSGSEND = YES;
				ENABLE_TESTABILITY = YES;
				GCC_C_LANGUAGE_STANDARD = gnu11;
				GCC_DYNAMIC_NO_PIC = NO;
				GCC_NO_COMMON_BLOCKS = YES;
				GCC_OPTIMIZATION_LEVEL = 0;
				GCC_PREPROCESSOR_DEFINITIONS = (
					"DEBUG=1",
					"$(inherited)",
				);
				GCC_WARN_64_TO_32_BIT_CONVERSION = YES;
				GCC_WARN_ABOUT_RETURN_TYPE = YES_ERROR;
				GCC_WARN_UNDECLARED_SELECTOR = YES;
				GCC_WARN_UNINITIALIZED_AUTOS = YES_AGGRESSIVE;
				GCC_WARN_UNUSED_FUNCTION = YES;
				GCC_WARN_UNUSED_VARIABLE = YES;
				IPHONEOS_DEPLOYMENT_TARGET = 13.7;
				MTL_ENABLE_DEBUG_INFO = INCLUDE_SOURCE;
				MTL_FAST_MATH = YES;
				ONLY_ACTIVE_ARCH = YES;
				SDKROOT = iphoneos;
				SWIFT_ACTIVE_COMPILATION_CONDITIONS = DEBUG;
				SWIFT_OPTIMIZATION_LEVEL = "-Onone";
			};
			name = Debug;
		};
		6A6ACAC12AF34877002FCBFD /* Release */ = {
			isa = XCBuildConfiguration;
			buildSettings = {
				ALWAYS_SEARCH_USER_PATHS = NO;
				CLANG_ANALYZER_NONNULL = YES;
				CLANG_ANALYZER_NUMBER_OBJECT_CONVERSION = YES_AGGRESSIVE;
				CLANG_CXX_LANGUAGE_STANDARD = "gnu++14";
				CLANG_CXX_LIBRARY = "libc++";
				CLANG_ENABLE_MODULES = YES;
				CLANG_ENABLE_OBJC_ARC = YES;
				CLANG_ENABLE_OBJC_WEAK = YES;
				CLANG_WARN_BLOCK_CAPTURE_AUTORELEASING = YES;
				CLANG_WARN_BOOL_CONVERSION = YES;
				CLANG_WARN_COMMA = YES;
				CLANG_WARN_CONSTANT_CONVERSION = YES;
				CLANG_WARN_DEPRECATED_OBJC_IMPLEMENTATIONS = YES;
				CLANG_WARN_DIRECT_OBJC_ISA_USAGE = YES_ERROR;
				CLANG_WARN_DOCUMENTATION_COMMENTS = YES;
				CLANG_WARN_EMPTY_BODY = YES;
				CLANG_WARN_ENUM_CONVERSION = YES;
				CLANG_WARN_INFINITE_RECURSION = YES;
				CLANG_WARN_INT_CONVERSION = YES;
				CLANG_WARN_NON_LITERAL_NULL_CONVERSION = YES;
				CLANG_WARN_OBJC_IMPLICIT_RETAIN_SELF = YES;
				CLANG_WARN_OBJC_LITERAL_CONVERSION = YES;
				CLANG_WARN_OBJC_ROOT_CLASS = YES_ERROR;
				CLANG_WARN_RANGE_LOOP_ANALYSIS = YES;
				CLANG_WARN_STRICT_PROTOTYPES = YES;
				CLANG_WARN_SUSPICIOUS_MOVE = YES;
				CLANG_WARN_UNGUARDED_AVAILABILITY = YES_AGGRESSIVE;
				CLANG_WARN_UNREACHABLE_CODE = YES;
				CLANG_WARN__DUPLICATE_METHOD_MATCH = YES;
				COPY_PHASE_STRIP = NO;
				DEBUG_INFORMATION_FORMAT = "dwarf-with-dsym";
				ENABLE_NS_ASSERTIONS = NO;
				ENABLE_STRICT_OBJC_MSGSEND = YES;
				GCC_C_LANGUAGE_STANDARD = gnu11;
				GCC_NO_COMMON_BLOCKS = YES;
				GCC_WARN_64_TO_32_BIT_CONVERSION = YES;
				GCC_WARN_ABOUT_RETURN_TYPE = YES_ERROR;
				GCC_WARN_UNDECLARED_SELECTOR = YES;
				GCC_WARN_UNINITIALIZED_AUTOS = YES_AGGRESSIVE;
				GCC_WARN_UNUSED_FUNCTION = YES;
				GCC_WARN_UNUSED_VARIABLE = YES;
				IPHONEOS_DEPLOYMENT_TARGET = 13.7;
				MTL_ENABLE_DEBUG_INFO = NO;
				MTL_FAST_MATH = YES;
				SDKROOT = iphoneos;
				SWIFT_COMPILATION_MODE = wholemodule;
				SWIFT_OPTIMIZATION_LEVEL = "-O";
				VALIDATE_PRODUCT = YES;
			};
			name = Release;
		};
		6A6ACAC32AF34877002FCBFD /* Debug */ = {
			isa = XCBuildConfiguration;
			buildSettings = {
				ASSETCATALOG_COMPILER_APPICON_NAME = AppIcon;
				CODE_SIGN_STYLE = Automatic;
				DEVELOPMENT_ASSET_PATHS = "\"Appointment Scheduler/Preview Content\"";
				DEVELOPMENT_TEAM = 22FGAUWB3B;
				ENABLE_PREVIEWS = YES;
				INFOPLIST_FILE = "Appointment Scheduler/Info.plist";
				LD_RUNPATH_SEARCH_PATHS = (
					"$(inherited)",
					"@executable_path/Frameworks",
				);
				PRODUCT_BUNDLE_IDENTIFIER = "Vaguely-Media-Company.Appointment-Scheduler";
				PRODUCT_NAME = "$(TARGET_NAME)";
				SWIFT_VERSION = 5.0;
				TARGETED_DEVICE_FAMILY = "1,2";
			};
			name = Debug;
		};
		6A6ACAC42AF34877002FCBFD /* Release */ = {
			isa = XCBuildConfiguration;
			buildSettings = {
				ASSETCATALOG_COMPILER_APPICON_NAME = AppIcon;
				CODE_SIGN_STYLE = Automatic;
				DEVELOPMENT_ASSET_PATHS = "\"Appointment Scheduler/Preview Content\"";
				DEVELOPMENT_TEAM = 22FGAUWB3B;
				ENABLE_PREVIEWS = YES;
				INFOPLIST_FILE = "Appointment Scheduler/Info.plist";
				LD_RUNPATH_SEARCH_PATHS = (
					"$(inherited)",
					"@executable_path/Frameworks",
				);
				PRODUCT_BUNDLE_IDENTIFIER = "Vaguely-Media-Company.Appointment-Scheduler";
				PRODUCT_NAME = "$(TARGET_NAME)";
				SWIFT_VERSION = 5.0;
				TARGETED_DEVICE_FAMILY = "1,2";
			};
			name = Release;
		};
		6A6ACAC62AF34877002FCBFD /* Debug */ = {
			isa = XCBuildConfiguration;
			buildSettings = {
				ALWAYS_EMBED_SWIFT_STANDARD_LIBRARIES = YES;
				BUNDLE_LOADER = "$(TEST_HOST)";
				CODE_SIGN_STYLE = Automatic;
				DEVELOPMENT_TEAM = 22FGAUWB3B;
				INFOPLIST_FILE = "Appointment SchedulerTests/Info.plist";
				IPHONEOS_DEPLOYMENT_TARGET = 13.7;
				LD_RUNPATH_SEARCH_PATHS = (
					"$(inherited)",
					"@executable_path/Frameworks",
					"@loader_path/Frameworks",
				);
				PRODUCT_BUNDLE_IDENTIFIER = "Vaguely-Media-Company.Appointment-SchedulerTests";
				PRODUCT_NAME = "$(TARGET_NAME)";
				SWIFT_VERSION = 5.0;
				TARGETED_DEVICE_FAMILY = "1,2";
				TEST_HOST = "$(BUILT_PRODUCTS_DIR)/Appointment Scheduler.app/Appointment Scheduler";
			};
			name = Debug;
		};
		6A6ACAC72AF34877002FCBFD /* Release */ = {
			isa = XCBuildConfiguration;
			buildSettings = {
				ALWAYS_EMBED_SWIFT_STANDARD_LIBRARIES = YES;
				BUNDLE_LOADER = "$(TEST_HOST)";
				CODE_SIGN_STYLE = Automatic;
				DEVELOPMENT_TEAM = 22FGAUWB3B;
				INFOPLIST_FILE = "Appointment SchedulerTests/Info.plist";
				IPHONEOS_DEPLOYMENT_TARGET = 13.7;
				LD_RUNPATH_SEARCH_PATHS = (
					"$(inherited)",
					"@executable_path/Frameworks",
					"@loader_path/Frameworks",
				);
				PRODUCT_BUNDLE_IDENTIFIER = "Vaguely-Media-Company.Appointment-SchedulerTests";
				PRODUCT_NAME = "$(TARGET_NAME)";
				SWIFT_VERSION = 5.0;
				TARGETED_DEVICE_FAMILY = "1,2";
				TEST_HOST = "$(BUILT_PRODUCTS_DIR)/Appointment Scheduler.app/Appointment Scheduler";
			};
			name = Release;
		};
		6A6ACAC92AF34877002FCBFD /* Debug */ = {
			isa = XCBuildConfiguration;
			buildSettings = {
				ALWAYS_EMBED_SWIFT_STANDARD_LIBRARIES = YES;
				CODE_SIGN_STYLE = Automatic;
				DEVELOPMENT_TEAM = 22FGAUWB3B;
				INFOPLIST_FILE = "Appointment SchedulerUITests/Info.plist";
				LD_RUNPATH_SEARCH_PATHS = (
					"$(inherited)",
					"@executable_path/Frameworks",
					"@loader_path/Frameworks",
				);
				PRODUCT_BUNDLE_IDENTIFIER = "Vaguely-Media-Company.Appointment-SchedulerUITests";
				PRODUCT_NAME = "$(TARGET_NAME)";
				SWIFT_VERSION = 5.0;
				TARGETED_DEVICE_FAMILY = "1,2";
				TEST_TARGET_NAME = "Appointment Scheduler";
			};
			name = Debug;
		};
		6A6ACACA2AF34877002FCBFD /* Release */ = {
			isa = XCBuildConfiguration;
			buildSettings = {
				ALWAYS_EMBED_SWIFT_STANDARD_LIBRARIES = YES;
				CODE_SIGN_STYLE = Automatic;
				DEVELOPMENT_TEAM = 22FGAUWB3B;
				INFOPLIST_FILE = "Appointment SchedulerUITests/Info.plist";
				LD_RUNPATH_SEARCH_PATHS = (
					"$(inherited)",
					"@executable_path/Frameworks",
					"@loader_path/Frameworks",
				);
				PRODUCT_BUNDLE_IDENTIFIER = "Vaguely-Media-Company.Appointment-SchedulerUITests";
				PRODUCT_NAME = "$(TARGET_NAME)";
				SWIFT_VERSION = 5.0;
				TARGETED_DEVICE_FAMILY = "1,2";
				TEST_TARGET_NAME = "Appointment Scheduler";
			};
			name = Release;
		};
/* End XCBuildConfiguration section */

/* Begin XCConfigurationList section */
		6A6ACA902AF34876002FCBFD /* Build configuration list for PBXProject "Appointment Scheduler" */ = {
			isa = XCConfigurationList;
			buildConfigurations = (
				6A6ACAC02AF34877002FCBFD /* Debug */,
				6A6ACAC12AF34877002FCBFD /* Release */,
			);
			defaultConfigurationIsVisible = 0;
			defaultConfigurationName = Release;
		};
		6A6ACAC22AF34877002FCBFD /* Build configuration list for PBXNativeTarget "Appointment Scheduler" */ = {
			isa = XCConfigurationList;
			buildConfigurations = (
				6A6ACAC32AF34877002FCBFD /* Debug */,
				6A6ACAC42AF34877002FCBFD /* Release */,
			);
			defaultConfigurationIsVisible = 0;
			defaultConfigurationName = Release;
		};
		6A6ACAC52AF34877002FCBFD /* Build configuration list for PBXNativeTarget "Appointment SchedulerTests" */ = {
			isa = XCConfigurationList;
			buildConfigurations = (
				6A6ACAC62AF34877002FCBFD /* Debug */,
				6A6ACAC72AF34877002FCBFD /* Release */,
			);
			defaultConfigurationIsVisible = 0;
			defaultConfigurationName = Release;
		};
		6A6ACAC82AF34877002FCBFD /* Build configuration list for PBXNativeTarget "Appointment SchedulerUITests" */ = {
			isa = XCConfigurationList;
			buildConfigurations = (
				6A6ACAC92AF34877002FCBFD /* Debug */,
				6A6ACACA2AF34877002FCBFD /* Release */,
			);
			defaultConfigurationIsVisible = 0;
			defaultConfigurationName = Release;
		};
/* End XCConfigurationList section */

/* Begin XCVersionGroup section */
		6A6ACA9C2AF34876002FCBFD /* Appointment_Scheduler.xcdatamodeld */ = {
			isa = XCVersionGroup;
			children = (
				6A6ACA9D2AF34876002FCBFD /* Appointment_Scheduler.xcdatamodel */,
			);
			currentVersion = 6A6ACA9D2AF34876002FCBFD /* Appointment_Scheduler.xcdatamodel */;
			path = Appointment_Scheduler.xcdatamodeld;
			sourceTree = "<group>";
			versionGroupType = wrapper.xcdatamodel;
		};
/* End XCVersionGroup section */
	};
	rootObject = 6A6ACA8D2AF34876002FCBFD /* Project object */;
}
